<?xml version="1.0" encoding="utf-8"?>
<Project ToolsVersion="4.0" xmlns="http://schemas.microsoft.com/developer/msbuild/2003">
  <ItemGroup>
    <Filter Include="源文件">
      <UniqueIdentifier>{4FC737F1-C7A5-4376-A066-2A32D752A2FF}</UniqueIdentifier>
      <Extensions>cpp;c;cc;cxx;c++;cppm;ixx;def;odl;idl;hpj;bat;asm;asmx</Extensions>
    </Filter>
    <Filter Include="头文件">
      <UniqueIdentifier>{93995380-89BD-4b04-88EB-625FBE52EBFB}</UniqueIdentifier>
      <Extensions>h;hh;hpp;hxx;h++;hm;inl;inc;ipp;xsd</Extensions>
    </Filter>
    <Filter Include="资源文件">
      <UniqueIdentifier>{67DA6AB6-F800-4c08-8B7A-83BB121AAD01}</UniqueIdentifier>
      <Extensions>rc;ico;cur;bmp;dlg;rc2;rct;bin;rgs;gif;jpg;jpeg;jpe;resx;tiff;tif;png;wav;mfcribbon-ms</Extensions>
    </Filter>
    <Filter Include="头文件\Renderer">
      <UniqueIdentifier>{059e9c1a-3598-4d52-a481-62fc52a85f5c}</UniqueIdentifier>
    </Filter>
    <Filter Include="源文件\Renderer">
      <UniqueIdentifier>{a91778b6-7eff-4297-80af-36d1940eb29a}</UniqueIdentifier>
    </Filter>
    <Filter Include="GLSL">
      <UniqueIdentifier>{4c74c2f4-d805-4828-afea-626b4cbed278}</UniqueIdentifier>
    </Filter>
    <Filter Include="GLSL\NewFilter1">
      <UniqueIdentifier>{53cebf6c-a7b6-46fb-985e-a6eedb98d150}</UniqueIdentifier>
    </Filter>
  </ItemGroup>
  <ItemGroup>
    <ClCompile Include="src\cpp\glad.c">
      <Filter>源文件</Filter>
    </ClCompile>
    <ClCompile Include="src\cpp\main.cpp">
      <Filter>源文件</Filter>
    </ClCompile>
    <ClCompile Include="src\cpp\modelData.cpp">
      <Filter>源文件</Filter>
    </ClCompile>
    <ClCompile Include="src\cpp\Shader.cpp">
      <Filter>源文件</Filter>
    </ClCompile>
    <ClCompile Include="src\cpp\test.cpp">
      <Filter>源文件</Filter>
    </ClCompile>
    <ClCompile Include="src\cpp\Texture.cpp">
      <Filter>源文件</Filter>
    </ClCompile>
    <ClCompile Include="src\cpp\stb_image_active.cpp">
      <Filter>源文件</Filter>
    </ClCompile>
    <ClCompile Include="src\cpp\Camera.cpp">
      <Filter>源文件</Filter>
    </ClCompile>
    <ClCompile Include="src\cpp\RenderPass.cpp">
      <Filter>源文件</Filter>
    </ClCompile>
    <ClCompile Include="src\cpp\RPCube.cpp">
      <Filter>源文件</Filter>
    </ClCompile>
    <ClCompile Include="src\cpp\RPLight.cpp">
      <Filter>源文件</Filter>
    </ClCompile>
    <ClCompile Include="src\cpp\lightStruct.cpp">
      <Filter>源文件</Filter>
    </ClCompile>
    <ClCompile Include="src\cpp\Model.cpp">
      <Filter>源文件</Filter>
    </ClCompile>
    <ClCompile Include="src\cpp\Mesh.cpp">
      <Filter>源文件</Filter>
    </ClCompile>
    <ClCompile Include="src\cpp\ModelRenderer.cpp">
      <Filter>源文件</Filter>
    </ClCompile>
    <ClCompile Include="src\cpp\PassRenderer.cpp">
      <Filter>源文件</Filter>
    </ClCompile>
    <ClCompile Include="src\cpp\AdvanceRenderer.cpp">
      <Filter>源文件</Filter>
    </ClCompile>
    <ClCompile Include="src\cpp\RPAdvance.cpp">
      <Filter>源文件</Filter>
    </ClCompile>
    <ClCompile Include="src\cpp\GLBindCostTest.cpp">
      <Filter>源文件</Filter>
    </ClCompile>
    <ClCompile Include="src\cpp\RPPostProcess.cpp">
      <Filter>源文件</Filter>
    </ClCompile>
    <ClCompile Include="src\cpp\RPSkybox.cpp">
      <Filter>源文件</Filter>
    </ClCompile>
    <ClCompile Include="src\cpp\GLRenderCore.cpp">
      <Filter>源文件</Filter>
    </ClCompile>
    <ClCompile Include="src\cpp\ShadowRenderer.cpp">
      <Filter>源文件</Filter>
    </ClCompile>
    <ClCompile Include="src\cpp\Renderer\TAARenderer.cpp">
      <Filter>源文件\Renderer</Filter>
    </ClCompile>
  </ItemGroup>
  <ItemGroup>
    <ClInclude Include="src\header\GLRenderCore.h">
      <Filter>头文件</Filter>
    </ClInclude>
    <ClInclude Include="src\header\Shader.h">
      <Filter>头文件</Filter>
    </ClInclude>
    <ClInclude Include="src\header\Texture.h">
      <Filter>头文件</Filter>
    </ClInclude>
    <ClInclude Include="src\header\Camera.h">
      <Filter>头文件</Filter>
    </ClInclude>
    <ClInclude Include="src\header\RenderPass.h">
      <Filter>头文件</Filter>
    </ClInclude>
    <ClInclude Include="src\header\RPCube.h">
      <Filter>头文件</Filter>
    </ClInclude>
    <ClInclude Include="src\header\RPLight.h">
      <Filter>头文件</Filter>
    </ClInclude>
    <ClInclude Include="src\header\lightStruct.h">
      <Filter>头文件</Filter>
    </ClInclude>
    <ClInclude Include="resource.h">
      <Filter>头文件</Filter>
    </ClInclude>
    <ClInclude Include="src\header\Model.h">
      <Filter>头文件</Filter>
    </ClInclude>
    <ClInclude Include="src\header\Mesh.h">
      <Filter>头文件</Filter>
    </ClInclude>
    <ClInclude Include="src\header\ModelRenderer.h">
      <Filter>头文件</Filter>
    </ClInclude>
    <ClInclude Include="src\header\PassRenderer.h">
      <Filter>头文件</Filter>
    </ClInclude>
    <ClInclude Include="src\header\AdvanceRenderer.h">
      <Filter>头文件</Filter>
    </ClInclude>
    <ClInclude Include="src\header\RPAdvance.h">
      <Filter>头文件</Filter>
    </ClInclude>
    <ClInclude Include="src\header\RPPostProcess.h">
      <Filter>头文件</Filter>
    </ClInclude>
    <ClInclude Include="src\header\RPSkybox.h">
      <Filter>头文件</Filter>
    </ClInclude>
    <ClInclude Include="src\header\ShadowRenderer.h">
      <Filter>头文件</Filter>
    </ClInclude>
    <ClInclude Include="src\header\Renderer\TAARenderer.h">
      <Filter>头文件\Renderer</Filter>
    </ClInclude>
  </ItemGroup>
  <ItemGroup>
    <ResourceCompile Include="learnopengl.rc">
      <Filter>资源文件</Filter>
    </ResourceCompile>
  </ItemGroup>
  <ItemGroup>
    <None Include="packages.config" />
    <None Include="src\GLSL\advance.frag">
      <Filter>GLSL</Filter>
    </None>
    <None Include="src\GLSL\advance.vert">
      <Filter>GLSL</Filter>
    </None>
    <None Include="src\GLSL\cube.frag">
      <Filter>GLSL</Filter>
    </None>
    <None Include="src\GLSL\cube.vert">
      <Filter>GLSL</Filter>
    </None>
    <None Include="src\GLSL\light.frag">
      <Filter>GLSL</Filter>
    </None>
    <None Include="src\GLSL\model.frag">
      <Filter>GLSL</Filter>
    </None>
    <None Include="src\GLSL\model.vert">
      <Filter>GLSL</Filter>
    </None>
    <None Include="src\GLSL\outline.frag">
      <Filter>GLSL</Filter>
    </None>
    <None Include="src\GLSL\postprocess.frag">
      <Filter>GLSL</Filter>
    </None>
    <None Include="src\GLSL\postprocess.vert">
      <Filter>GLSL</Filter>
    </None>
    <None Include="src\GLSL\skybox.frag">
      <Filter>GLSL</Filter>
    </None>
    <None Include="src\GLSL\skybox.vert">
      <Filter>GLSL</Filter>
    </None>
    <None Include="src\GLSL\transparent.frag">
      <Filter>GLSL</Filter>
    </None>
    <None Include="src\GLSL\TAA\quad.frag" />
    <None Include="src\GLSL\TAA\quad.vert" />
    <None Include="src\GLSL\TAA\velocity.vert" />
    <None Include="src\GLSL\TAA\velocity.frag" />
    <None Include="src\GLSL\TAA\shadow.frag" />
    <None Include="src\GLSL\TAA\shadow.vert" />
    <None Include="src\GLSL\TAA\TaaRender.frag" />
    <None Include="src\GLSL\TAA\TaaRender.vert" />
    <None Include="src\GLSL\AdvanceLight\shadow.vert" />
    <None Include="src\GLSL\AdvanceLight\advanceLight.frag" />
    <None Include="src\GLSL\AdvanceLight\advanceLight.vert" />
    <None Include="src\GLSL\AdvanceLight\shadow.frag" />
    <None Include="src\GLSL\TAA\lighting.frag" />
    <None Include="src\GLSL\TAA\lighting.vert" />
    <None Include="src\GLSL\TAA\TaaRenderAdvance.vert" />
    <None Include="src\GLSL\TAA\TaaRenderAdvance.frag" />
    <None Include="src\GLSL\TAA\postprocess.frag" />
    <None Include="src\GLSL\TAA\postprocess.vert" />
  </ItemGroup>
</Project>